<?xml version="1.0" encoding="utf-8"?>
<Project xmlns="http://schemas.microsoft.com/developer/msbuild/2003">
  <ItemGroup>
    <Filter Include="Generated Files">
      <UniqueIdentifier>{71ED8ED8-ACB9-4CE9-BBE1-E00B30144E11}</UniqueIdentifier>
      <Extensions>cpp;c;cxx;moc;h;def;odl;idl;res;</Extensions>
    </Filter>
    <Filter Include="Generated Files">
      <UniqueIdentifier>{71ED8ED8-ACB9-4CE9-BBE1-E00B30144E11}</UniqueIdentifier>
      <Extensions>cpp;c;cxx;moc;h;def;odl;idl;res;</Extensions>
    </Filter>
    <Filter Include="Header Files">
      <UniqueIdentifier>{93995380-89BD-4b04-88EB-625FBE52EBFB}</UniqueIdentifier>
      <Extensions>h;hpp;hxx;hm;inl;inc;xsd</Extensions>
    </Filter>
    <Filter Include="Header Files">
      <UniqueIdentifier>{93995380-89BD-4b04-88EB-625FBE52EBFB}</UniqueIdentifier>
      <Extensions>h;hpp;hxx;hm;inl;inc;xsd</Extensions>
    </Filter>
    <Filter Include="Resource Files">
      <UniqueIdentifier>{D9D6E242-F8AF-46E4-B9FD-80ECBC20BA3E}</UniqueIdentifier>
      <Extensions>qrc;*</Extensions>
      <ParseFiles>false</ParseFiles>
    </Filter>
    <Filter Include="Resource Files">
      <UniqueIdentifier>{D9D6E242-F8AF-46E4-B9FD-80ECBC20BA3E}</UniqueIdentifier>
      <Extensions>qrc;*</Extensions>
      <ParseFiles>false</ParseFiles>
    </Filter>
    <Filter Include="Source Files">
      <UniqueIdentifier>{4FC737F1-C7A5-4376-A066-2A32D752A2FF}</UniqueIdentifier>
      <Extensions>cpp;c;cxx;def;odl;idl;hpj;bat;asm;asmx</Extensions>
    </Filter>
    <Filter Include="Source Files">
      <UniqueIdentifier>{4FC737F1-C7A5-4376-A066-2A32D752A2FF}</UniqueIdentifier>
      <Extensions>cpp;c;cxx;def;odl;idl;hpj;bat;asm;asmx</Extensions>
    </Filter>
  </ItemGroup>
  <ItemGroup>
    <ClCompile Include="Network\src\Address.cpp">
      <Filter>Source Files</Filter>
    </ClCompile>
    <ClCompile Include="Network\src\Broadcaster.cpp">
      <Filter>Source Files</Filter>
    </ClCompile>
    <ClCompile Include="Network\src\Client.cpp">
      <Filter>Source Files</Filter>
    </ClCompile>
    <ClCompile Include="Network\src\ClientSocket.cpp">
      <Filter>Source Files</Filter>
    </ClCompile>
    <ClCompile Include="ContentWidget.cpp">
      <Filter>Source Files</Filter>
    </ClCompile>
    <ClCompile Include="Network\src\DataSocket.cpp">
      <Filter>Source Files</Filter>
    </ClCompile>
    <ClCompile Include="Network\src\DataStream.cpp">
      <Filter>Source Files</Filter>
    </ClCompile>
    <ClCompile Include="Network\src\Exception.cpp">
      <Filter>Source Files</Filter>
    </ClCompile>
    <ClCompile Include="MainWindow.cpp">
      <Filter>Source Files</Filter>
    </ClCompile>
    <ClCompile Include="Network\src\MeyaS.cpp">
      <Filter>Source Files</Filter>
    </ClCompile>
    <ClCompile Include="Network\src\Server.cpp">
      <Filter>Source Files</Filter>
    </ClCompile>
    <ClCompile Include="Network\src\ServerSocket.cpp">
      <Filter>Source Files</Filter>
    </ClCompile>
    <ClCompile Include="Network\src\Socket.cpp">
      <Filter>Source Files</Filter>
    </ClCompile>
    <ClCompile Include="Network\src\Timer.cpp">
      <Filter>Source Files</Filter>
    </ClCompile>
    <ClCompile Include="Top.cpp">
      <Filter>Source Files</Filter>
    </ClCompile>
    <ClCompile Include="Network\src\Worker.cpp">
      <Filter>Source Files</Filter>
    </ClCompile>
    <ClCompile Include="Network\src\WorkerSocket.cpp">
      <Filter>Source Files</Filter>
    </ClCompile>
    <ClCompile Include="main.cpp">
      <Filter>Source Files</Filter>
    </ClCompile>
    <ClCompile Include="parse.cpp">
      <Filter>Source Files</Filter>
    </ClCompile>
  </ItemGroup>
  <ItemGroup>
    <ClInclude Include="Network\include\Address.h">
      <Filter>Header Files</Filter>
    </ClInclude>
    <ClInclude Include="Network\include\Broadcaster.h">
      <Filter>Header Files</Filter>
    </ClInclude>
    <ClInclude Include="Network\include\Client.h">
      <Filter>Header Files</Filter>
    </ClInclude>
    <ClInclude Include="Network\include\ClientSocket.h">
      <Filter>Header Files</Filter>
    </ClInclude>
    <QtMoc Include="ContentWidget.h">
      <Filter>Header Files</Filter>
    </QtMoc>
    <ClInclude Include="Network\include\DataSocket.h">
      <Filter>Header Files</Filter>
    </ClInclude>
    <ClInclude Include="Network\include\DataStream.h">
      <Filter>Header Files</Filter>
    </ClInclude>
    <ClInclude Include="Network\include\Exception.h">
      <Filter>Header Files</Filter>
    </ClInclude>
    <QtMoc Include="MainWindow.h">
      <Filter>Header Files</Filter>
    </QtMoc>
    <ClInclude Include="Network\include\MeyaS.h">
      <Filter>Header Files</Filter>
    </ClInclude>
    <ClInclude Include="Network\include\Server.h">
      <Filter>Header Files</Filter>
    </ClInclude>
    <ClInclude Include="Network\include\ServerSocket.h">
      <Filter>Header Files</Filter>
    </ClInclude>
    <ClInclude Include="Network\include\Socket.h">
      <Filter>Header Files</Filter>
    </ClInclude>
    <ClInclude Include="Network\include\Timer.h">
      <Filter>Header Files</Filter>
    </ClInclude>
    <ClInclude Include="Network\include\Worker.h">
      <Filter>Header Files</Filter>
    </ClInclude>
    <ClInclude Include="Network\include\WorkerSocket.h">
      <Filter>Header Files</Filter>
    </ClInclude>
    <ClInclude Include="Network\include\common.h">
      <Filter>Header Files</Filter>
    </ClInclude>
    <ClInclude Include="parse.h">
      <Filter>Header Files</Filter>
    </ClInclude>
  </ItemGroup>
  <ItemGroup>
    
    
    
    
    <CustomBuild Include="debug\moc_predefs.h.cbt">
      <Filter>Generated Files</Filter>
    </CustomBuild>
    <CustomBuild Include="release\moc_predefs.h.cbt">
      <Filter>Generated Files</Filter>
    </CustomBuild>
    
    
  </ItemGroup>
  <ItemGroup>
    <None Include="Resource\0.jpg">
      <Filter>Resource Files</Filter>
    </None>
    <None Include="Resource\1.jpg">
      <Filter>Resource Files</Filter>
    </None>
    <None Include="Resource\10.jpg">
      <Filter>Resource Files</Filter>
    </None>
    <None Include="Resource\11.jpg">
      <Filter>Resource Files</Filter>
    </None>
    <None Include="Resource\12.jpg">
      <Filter>Resource Files</Filter>
    </None>
    <None Include="Resource\13.jpg">
      <Filter>Resource Files</Filter>
    </None>
    <None Include="Resource\14.jpg">
      <Filter>Resource Files</Filter>
    </None>
    <None Include="Resource\15.jpg">
      <Filter>Resource Files</Filter>
    </None>
    <None Include="Resource\16.jpg">
      <Filter>Resource Files</Filter>
    </None>
    <None Include="Resource\17.jpg">
      <Filter>Resource Files</Filter>
    </None>
    <None Include="Resource\18.jpg">
      <Filter>Resource Files</Filter>
    </None>
    <None Include="Resource\19.jpg">
      <Filter>Resource Files</Filter>
    </None>
    <None Include="Resource\2.jpg">
      <Filter>Resource Files</Filter>
    </None>
    <None Include="Resource\20.jpg">
      <Filter>Resource Files</Filter>
    </None>
    <None Include="Resource\21.jpg">
      <Filter>Resource Files</Filter>
    </None>
    <None Include="Resource\22.jpg">
      <Filter>Resource Files</Filter>
    </None>
    <None Include="Resource\23.jpg">
      <Filter>Resource Files</Filter>
    </None>
    <None Include="Resource\24.jpg">
      <Filter>Resource Files</Filter>
    </None>
    <None Include="Resource\25.jpg">
      <Filter>Resource Files</Filter>
    </None>
    <None Include="Resource\26.jpg">
      <Filter>Resource Files</Filter>
    </None>
    <None Include="Resource\27.jpg">
      <Filter>Resource Files</Filter>
    </None>
    <None Include="Resource\28.jpg">
      <Filter>Resource Files</Filter>
    </None>
    <None Include="Resource\29.jpg">
      <Filter>Resource Files</Filter>
    </None>
    <None Include="Resource\3.jpg">
      <Filter>Resource Files</Filter>
    </None>
    <None Include="Resource\30.jpg">
      <Filter>Resource Files</Filter>
    </None>
    <None Include="Resource\31.jpg">
      <Filter>Resource Files</Filter>
    </None>
    <None Include="Resource\32.jpg">
      <Filter>Resource Files</Filter>
    </None>
    <None Include="Resource\33.jpg">
      <Filter>Resource Files</Filter>
    </None>
    <None Include="Resource\34.jpg">
      <Filter>Resource Files</Filter>
    </None>
    <None Include="Resource\35.jpg">
      <Filter>Resource Files</Filter>
    </None>
    <None Include="Resource\36.jpg">
      <Filter>Resource Files</Filter>
    </None>
    <None Include="Resource\37.jpg">
      <Filter>Resource Files</Filter>
    </None>
    <None Include="Resource\38.jpg">
      <Filter>Resource Files</Filter>
    </None>
    <None Include="Resource\39.jpg">
      <Filter>Resource Files</Filter>
    </None>
    <None Include="Resource\4.jpg">
      <Filter>Resource Files</Filter>
    </None>
    <None Include="Resource\40.jpg">
      <Filter>Resource Files</Filter>
    </None>
    <None Include="Resource\41.jpg">
      <Filter>Resource Files</Filter>
    </None>
    <None Include="Resource\42.jpg">
      <Filter>Resource Files</Filter>
    </None>
    <None Include="Resource\43.jpg">
      <Filter>Resource Files</Filter>
    </None>
    <None Include="Resource\44.jpg">
      <Filter>Resource Files</Filter>
    </None>
    <None Include="Resource\45.jpg">
      <Filter>Resource Files</Filter>
    </None>
    <None Include="Resource\46.jpg">
      <Filter>Resource Files</Filter>
    </None>
    <None Include="Resource\47.jpg">
      <Filter>Resource Files</Filter>
    </None>
    <None Include="Resource\48.jpg">
      <Filter>Resource Files</Filter>
    </None>
    <None Include="Resource\49.jpg">
      <Filter>Resource Files</Filter>
    </None>
    <None Include="Resource\5.jpg">
      <Filter>Resource Files</Filter>
    </None>
    <None Include="Resource\50.jpg">
      <Filter>Resource Files</Filter>
    </None>
    <None Include="Resource\51.jpg">
      <Filter>Resource Files</Filter>
    </None>
    <None Include="Resource\52.jpg">
      <Filter>Resource Files</Filter>
    </None>
    <None Include="Resource\53.jpg">
      <Filter>Resource Files</Filter>
    </None>
    <None Include="Resource\54.jpg">
      <Filter>Resource Files</Filter>
    </None>
    <None Include="Resource\6.jpg">
      <Filter>Resource Files</Filter>
    </None>
    <None Include="Resource\7.jpg">
      <Filter>Resource Files</Filter>
    </None>
    <None Include="Resource\8.jpg">
      <Filter>Resource Files</Filter>
    </None>
    <None Include="Resource\9.jpg">
      <Filter>Resource Files</Filter>
    </None>
    <QtRcc Include="Resource.qrc">
      <Filter>Resource Files</Filter>
    </QtRcc>
    <None Include="Resource\home.jpg">
      <Filter>Resource Files</Filter>
    </None>
  </ItemGroup>
</Project>